
Microsoft Visual Studio Solution File, Format Version 12.00
# Visual Studio Version 16
VisualStudioVersion = 16.0.29230.47
MinimumVisualStudioVersion = 10.0.40219.1
Project("{FAE04EC0-301F-11D3-BF4B-00C04F79EFBC}") = "urlShortAPI", "urlShortAPI\urlShortAPI.csproj", "{3260A0CE-2840-47BE-B654-5217759DC3F3}"
EndProject
Project("{FAE04EC0-301F-11D3-BF4B-00C04F79EFBC}") = "urlShortAPI.Tests", "urlShortAPI.Tests\urlShortAPI.Tests.csproj", "{8CB58DBB-6A0E-469C-8084-6269BADB1C50}"
EndProject
Global
	GlobalSection(SolutionConfigurationPlatforms) = preSolution
		Debug|Any CPU = Debug|Any CPU
		Release|Any CPU = Release|Any CPU
	EndGlobalSection
	GlobalSection(ProjectConfigurationPlatforms) = postSolution
		{3260A0CE-2840-47BE-B654-5217759DC3F3}.Debug|Any CPU.ActiveCfg = Debug|Any CPU
		{3260A0CE-2840-47BE-B654-5217759DC3F3}.Debug|Any CPU.Build.0 = Debug|Any CPU
		{3260A0CE-2840-47BE-B654-5217759DC3F3}.Release|Any CPU.ActiveCfg = Release|Any CPU
		{3260A0CE-2840-47BE-B654-5217759DC3F3}.Release|Any CPU.Build.0 = Release|Any CPU
		{8CB58DBB-6A0E-469C-8084-6269BADB1C50}.Debug|Any CPU.ActiveCfg = Debug|Any CPU
		{8CB58DBB-6A0E-469C-8084-6269BADB1C50}.Debug|Any CPU.Build.0 = Debug|Any CPU
		{8CB58DBB-6A0E-469C-8084-6269BADB1C50}.Release|Any CPU.ActiveCfg = Release|Any CPU
		{8CB58DBB-6A0E-469C-8084-6269BADB1C50}.Release|Any CPU.Build.0 = Release|Any CPU
	EndGlobalSection
	GlobalSection(SolutionProperties) = preSolution
		HideSolutionNode = FALSE
	EndGlobalSection
	GlobalSection(ExtensibilityGlobals) = postSolution
		SolutionGuid = {1D07A90B-946A-4FAA-9A44-EBB8C763CEB8}
	EndGlobalSection
EndGlobal
